// !$*UTF8*$!
{
	archiveVersion = 1;
	classes = {
	};
	objectVersion = 50;
	objects = {

/* Begin PBXBuildFile section */
		FF416056213B5835002B3666 /* AppDelegate.swift in Sources */ = {isa = PBXBuildFile; fileRef = FF416055213B5835002B3666 /* AppDelegate.swift */; };
		FF41605B213B5835002B3666 /* Main.storyboard in Resources */ = {isa = PBXBuildFile; fileRef = FF416059213B5835002B3666 /* Main.storyboard */; };
		FF41605D213B583F002B3666 /* Assets.xcassets in Resources */ = {isa = PBXBuildFile; fileRef = FF41605C213B583F002B3666 /* Assets.xcassets */; };
		FF416060213B583F002B3666 /* LaunchScreen.storyboard in Resources */ = {isa = PBXBuildFile; fileRef = FF41605E213B583F002B3666 /* LaunchScreen.storyboard */; };
		FF41608C21436A10002B3666 /* ScorerViewController.swift in Sources */ = {isa = PBXBuildFile; fileRef = FF41608B21436A10002B3666 /* ScorerViewController.swift */; };
		FFC0E17E214A7DEF009DEE4F /* User.swift in Sources */ = {isa = PBXBuildFile; fileRef = FFC0E17D214A7DEF009DEE4F /* User.swift */; };
/* End PBXBuildFile section */

/* Begin PBXFileReference section */
		FF416052213B5835002B3666 /* Athlos.app */ = {isa = PBXFileReference; explicitFileType = wrapper.application; includeInIndex = 0; path = Athlos.app; sourceTree = BUILT_PRODUCTS_DIR; };
		FF416055213B5835002B3666 /* AppDelegate.swift */ = {isa = PBXFileReference; lastKnownFileType = sourcecode.swift; path = AppDelegate.swift; sourceTree = "<group>"; };
		FF41605A213B5835002B3666 /* Base */ = {isa = PBXFileReference; lastKnownFileType = file.storyboard; name = Base; path = Base.lproj/Main.storyboard; sourceTree = "<group>"; };
		FF41605C213B583F002B3666 /* Assets.xcassets */ = {isa = PBXFileReference; lastKnownFileType = folder.assetcatalog; path = Assets.xcassets; sourceTree = "<group>"; };
		FF41605F213B583F002B3666 /* Base */ = {isa = PBXFileReference; lastKnownFileType = file.storyboard; name = Base; path = Base.lproj/LaunchScreen.storyboard; sourceTree = "<group>"; };
		FF416061213B583F002B3666 /* Info.plist */ = {isa = PBXFileReference; lastKnownFileType = text.plist.xml; path = Info.plist; sourceTree = "<group>"; };
		FF41608B21436A10002B3666 /* ScorerViewController.swift */ = {isa = PBXFileReference; lastKnownFileType = sourcecode.swift; path = ScorerViewController.swift; sourceTree = "<group>"; };
		FFC0E17D214A7DEF009DEE4F /* User.swift */ = {isa = PBXFileReference; lastKnownFileType = sourcecode.swift; path = User.swift; sourceTree = "<group>"; };
/* End PBXFileReference section */

/* Begin PBXFrameworksBuildPhase section */
		FF41604F213B5835002B3666 /* Frameworks */ = {
			isa = PBXFrameworksBuildPhase;
			buildActionMask = 2147483647;
			files = (
			);
			runOnlyForDeploymentPostprocessing = 0;
		};
/* End PBXFrameworksBuildPhase section */

/* Begin PBXGroup section */
		FF416049213B5835002B3666 = {
			isa = PBXGroup;
			children = (
				FF416054213B5835002B3666 /* Athlos */,
				FF416053213B5835002B3666 /* Products */,
			);
			sourceTree = "<group>";
		};
		FF416053213B5835002B3666 /* Products */ = {
			isa = PBXGroup;
			children = (
				FF416052213B5835002B3666 /* Athlos.app */,
			);
			name = Products;
			sourceTree = "<group>";
		};
		FF416054213B5835002B3666 /* Athlos */ = {
			isa = PBXGroup;
			children = (
				FF416055213B5835002B3666 /* AppDelegate.swift */,
				FF41608B21436A10002B3666 /* ScorerViewController.swift */,
				FFC0E17D214A7DEF009DEE4F /* User.swift */,
				FF416059213B5835002B3666 /* Main.storyboard */,
				FF41605C213B583F002B3666 /* Assets.xcassets */,
				FF41605E213B583F002B3666 /* LaunchScreen.storyboard */,
				FF416061213B583F002B3666 /* Info.plist */,
			);
			path = Athlos;
			sourceTree = "<group>";
		};
/* End PBXGroup section */

/* Begin PBXNativeTarget section */
		FF416051213B5835002B3666 /* Athlos */ = {
			isa = PBXNativeTarget;
			buildConfigurationList = FF416064213B583F002B3666 /* Build configuration list for PBXNativeTarget "Athlos" */;
			buildPhases = (
				FF41604E213B5835002B3666 /* Sources */,
				FF41604F213B5835002B3666 /* Frameworks */,
				FF416050213B5835002B3666 /* Resources */,
			);
			buildRules = (
			);
			dependencies = (
			);
			name = Athlos;
			productName = SportScore;
			productReference = FF416052213B5835002B3666 /* Athlos.app */;
			productType = "com.apple.product-type.application";
		};
/* End PBXNativeTarget section */

/* Begin PBXProject section */
		FF41604A213B5835002B3666 /* Project object */ = {
			isa = PBXProject;
			attributes = {
				LastSwiftUpdateCheck = 0940;
				LastUpgradeCheck = 0940;
				ORGANIZATIONNAME = "Fortune Inc.";
				TargetAttributes = {
					FF416051213B5835002B3666 = {
						CreatedOnToolsVersion = 9.4.1;
					};
				};
			};
			buildConfigurationList = FF41604D213B5835002B3666 /* Build configuration list for PBXProject "Athlos" */;
			compatibilityVersion = "Xcode 9.3";
			developmentRegion = en;
			hasScannedForEncodings = 0;
			knownRegions = (
				en,
				Base,
			);
			mainGroup = FF416049213B5835002B3666;
			productRefGroup = FF416053213B5835002B3666 /* Products */;
			projectDirPath = "";
			projectRoot = "";
			targets = (
				FF416051213B5835002B3666 /* Athlos */,
			);
		};
/* End PBXProject section */

/* Begin PBXResourcesBuildPhase section */
		FF416050213B5835002B3666 /* Resources */ = {
			isa = PBXResourcesBuildPhase;
			buildActionMask = 2147483647;
			files = (
				FF416060213B583F002B3666 /* LaunchScreen.storyboard in Resources */,
				FF41605D213B583F002B3666 /* Assets.xcassets in Resources */,
				FF41605B213B5835002B3666 /* Main.storyboard in Resources */,
			);
			runOnlyForDeploymentPostprocessing = 0;
		};
/* End PBXResourcesBuildPhase section */

/* Begin PBXSourcesBuildPhase section */
		FF41604E213B5835002B3666 /* Sources */ = {
			isa = PBXSourcesBuildPhase;
			buildActionMask = 2147483647;
			files = (
				FF416056213B5835002B3666 /* AppDelegate.swift in Sources */,
				FF41608C21436A10002B3666 /* ScorerViewController.swift in Sources */,
				FFC0E17E214A7DEF009DEE4F /* User.swift in Sources */,
			);
			runOnlyForDeploymentPostprocessing = 0;
		};
/* End PBXSourcesBuildPhase section */

/* Begin PBXVariantGroup section */
		FF416059213B5835002B3666 /* Main.storyboard */ = {
			isa = PBXVariantGroup;
			children = (
				FF41605A213B5835002B3666 /* Base */,
			);
			name = Main.storyboard;
			sourceTree = "<group>";
		};
		FF41605E213B583F002B3666 /* LaunchScreen.storyboard */ = {
			isa = PBXVariantGroup;
			children = (
				FF41605F213B583F002B3666 /* Base */,
			);
			name = LaunchScreen.storyboard;
			sourceTree = "<group>";
		};
/* End PBXVariantGroup section */

/* Begin XCBuildConfiguration section */
		FF416062213B583F002B3666 /* Debug */ = {
			isa = XCBuildConfiguration;
			buildSettings = {
				ALWAYS_SEARCH_USER_PATHS = NO;
				CLANG_ANALYZER_NONNULL = YES;
				CLANG_ANALYZER_NUMBER_OBJECT_CONVERSION = YES_AGGRESSIVE;
				CLANG_CXX_LANGUAGE_STANDARD = "gnu++14";
				CLANG_CXX_LIBRARY = "libc++";
				CLANG_ENABLE_MODULES = YES;
				CLANG_ENABLE_OBJC_ARC = YES;
				CLANG_ENABLE_OBJC_WEAK = YES;
				CLANG_WARN_BLOCK_CAPTURE_AUTORELEASING = YES;
				CLANG_WARN_BOOL_CONVERSION = YES;
				CLANG_WARN_COMMA = YES;
				CLANG_WARN_CONSTANT_CONVERSION = YES;
				CLANG_WARN_DEPRECATED_OBJC_IMPLEMENTATIONS = YES;
				CLANG_WARN_DIRECT_OBJC_ISA_USAGE = YES_ERROR;
				CLANG_WARN_DOCUMENTATION_COMMENTS = YES;
				CLANG_WARN_EMPTY_BODY = YES;
				CLANG_WARN_ENUM_CONVERSION = YES;
				CLANG_WARN_INFINITE_RECURSION = YES;
				CLANG_WARN_INT_CONVERSION = YES;
				CLANG_WARN_NON_LITERAL_NULL_CONVERSION = YES;
				CLANG_WARN_OBJC_IMPLICIT_RETAIN_SELF = YES;
				CLANG_WARN_OBJC_LITERAL_CONVERSION = YES;
				CLANG_WARN_OBJC_ROOT_CLASS = YES_ERROR;
				CLANG_WARN_RANGE_LOOP_ANALYSIS = YES;
				CLANG_WARN_STRICT_PROTOTYPES = YES;
				CLANG_WARN_SUSPICIOUS_MOVE = YES;
				CLANG_WARN_UNGUARDED_AVAILABILITY = YES_AGGRESSIVE;
				CLANG_WARN_UNREACHABLE_CODE = YES;
				CLANG_WARN__DUPLICATE_METHOD_MATCH = YES;
				CODE_SIGN_IDENTITY = "iPhone Developer";
				COPY_PHASE_STRIP = NO;
				DEBUG_INFORMATION_FORMAT = dwarf;
				ENABLE_STRICT_OBJC_MSGSEND = YES;
				ENABLE_TESTABILITY = YES;
				GCC_C_LANGUAGE_STANDARD = gnu11;
				GCC_DYNAMIC_NO_PIC = NO;
				GCC_NO_COMMON_BLOCKS = YES;
				GCC_OPTIMIZATION_LEVEL = 0;
				GCC_PREPROCESSOR_DEFINITIONS = (
					"DEBUG=1",
					"$(inherited)",
				);
				GCC_WARN_64_TO_32_BIT_CONVERSION = YES;
				GCC_WARN_ABOUT_RETURN_TYPE = YES_ERROR;
				GCC_WARN_UNDECLARED_SELECTOR = YES;
				GCC_WARN_UNINITIALIZED_AUTOS = YES_AGGRESSIVE;
				GCC_WARN_UNUSED_FUNCTION = YES;
				GCC_WARN_UNUSED_VARIABLE = YES;
				IPHONEOS_DEPLOYMENT_TARGET = 11.4;
				MTL_ENABLE_DEBUG_INFO = YES;
				ONLY_ACTIVE_ARCH = YES;
				SDKROOT = iphoneos;
				SWIFT_ACTIVE_COMPILATION_CONDITIONS = DEBUG;
				SWIFT_OPTIMIZATION_LEVEL = "-Onone";
			};
			name = Debug;
		};
		FF416063213B583F002B3666 /* Release */ = {
			isa = XCBuildConfiguration;
			buildSettings = {
				ALWAYS_SEARCH_USER_PATHS = NO;
				CLANG_ANALYZER_NONNULL = YES;
				CLANG_ANALYZER_NUMBER_OBJECT_CONVERSION = YES_AGGRESSIVE;
				CLANG_CXX_LANGUAGE_STANDARD = "gnu++14";
				CLANG_CXX_LIBRARY = "libc++";
				CLANG_ENABLE_MODULES = YES;
				CLANG_ENABLE_OBJC_ARC = YES;
				CLANG_ENABLE_OBJC_WEAK = YES;
				CLANG_WARN_BLOCK_CAPTURE_AUTORELEASING = YES;
				CLANG_WARN_BOOL_CONVERSION = YES;
				CLANG_WARN_COMMA = YES;
				CLANG_WARN_CONSTANT_CONVERSION = YES;
				CLANG_WARN_DEPRECATED_OBJC_IMPLEMENTATIONS = YES;
				CLANG_WARN_DIRECT_OBJC_ISA_USAGE = YES_ERROR;
				CLANG_WARN_DOCUMENTATION_COMMENTS = YES;
				CLANG_WARN_EMPTY_BODY = YES;
				CLANG_WARN_ENUM_CONVERSION = YES;
				CLANG_WARN_INFINITE_RECURSION = YES;
				CLANG_WARN_INT_CONVERSION = YES;
				CLANG_WARN_NON_LITERAL_NULL_CONVERSION = YES;
				CLANG_WARN_OBJC_IMPLICIT_RETAIN_SELF = YES;
				CLANG_WARN_OBJC_LITERAL_CONVERSION = YES;
				CLANG_WARN_OBJC_ROOT_CLASS = YES_ERROR;
				CLANG_WARN_RANGE_LOOP_ANALYSIS = YES;
				CLANG_WARN_STRICT_PROTOTYPES = YES;
				CLANG_WARN_SUSPICIOUS_MOVE = YES;
				CLANG_WARN_UNGUARDED_AVAILABILITY = YES_AGGRESSIVE;
				CLANG_WARN_UNREACHABLE_CODE = YES;
				CLANG_WARN__DUPLICATE_METHOD_MATCH = YES;
				CODE_SIGN_IDENTITY = "iPhone Developer";
				COPY_PHASE_STRIP = NO;
				DEBUG_INFORMATION_FORMAT = "dwarf-with-dsym";
				ENABLE_NS_ASSERTIONS = NO;
				ENABLE_STRICT_OBJC_MSGSEND = YES;
				GCC_C_LANGUAGE_STANDARD = gnu11;
				GCC_NO_COMMON_BLOCKS = YES;
				GCC_WARN_64_TO_32_BIT_CONVERSION = YES;
				GCC_WARN_ABOUT_RETURN_TYPE = YES_ERROR;
				GCC_WARN_UNDECLARED_SELECTOR = YES;
				GCC_WARN_UNINITIALIZED_AUTOS = YES_AGGRESSIVE;
				GCC_WARN_UNUSED_FUNCTION = YES;
				GCC_WARN_UNUSED_VARIABLE = YES;
				IPHONEOS_DEPLOYMENT_TARGET = 11.4;
				MTL_ENABLE_DEBUG_INFO = NO;
				SDKROOT = iphoneos;
				SWIFT_COMPILATION_MODE = wholemodule;
				SWIFT_OPTIMIZATION_LEVEL = "-O";
				VALIDATE_PRODUCT = YES;
			};
			name = Release;
		};
		FF416065213B583F002B3666 /* Debug */ = {
			isa = XCBuildConfiguration;
			buildSettings = {
				ASSETCATALOG_COMPILER_APPICON_NAME = AppIcon;
				CODE_SIGN_STYLE = Automatic;
				DEVELOPMENT_TEAM = LW4ADW38FA;
				INFOPLIST_FILE = "$(SRCROOT)/Athlos/Info.plist";
				LD_RUNPATH_SEARCH_PATHS = (
					"$(inherited)",
					"@executable_path/Frameworks",
				);
				PRODUCT_BUNDLE_IDENTIFIER = "com.fortune-LewisLuck.SportScore";
				PRODUCT_NAME = "$(TARGET_NAME)";
				SWIFT_VERSION = 4.0;
				TARGETED_DEVICE_FAMILY = "1,2";
			};
			name = Debug;
		};
		FF416066213B583F002B3666 /* Release */ = {
			isa = XCBuildConfiguration;
			buildSettings = {
				ASSETCATALOG_COMPILER_APPICON_NAME = AppIcon;
				CODE_SIGN_STYLE = Automatic;
				DEVELOPMENT_TEAM = LW4ADW38FA;
				INFOPLIST_FILE = "$(SRCROOT)/Athlos/Info.plist";
				LD_RUNPATH_SEARCH_PATHS = (
					"$(inherited)",
					"@executable_path/Frameworks",
				);
				PRODUCT_BUNDLE_IDENTIFIER = "com.fortune-LewisLuck.SportScore";
				PRODUCT_NAME = "$(TARGET_NAME)";
				SWIFT_VERSION = 4.0;
				TARGETED_DEVICE_FAMILY = "1,2";
			};
			name = Release;
		};
/* End XCBuildConfiguration section */

/* Begin XCConfigurationList section */
		FF41604D213B5835002B3666 /* Build configuration list for PBXProject "Athlos" */ = {
			isa = XCConfigurationList;
			buildConfigurations = (
				FF416062213B583F002B3666 /* Debug */,
				FF416063213B583F002B3666 /* Release */,
			);
			defaultConfigurationIsVisible = 0;
			defaultConfigurationName = Release;
		};
		FF416064213B583F002B3666 /* Build configuration list for PBXNativeTarget "Athlos" */ = {
			isa = XCConfigurationList;
			buildConfigurations = (
				FF416065213B583F002B3666 /* Debug */,
				FF416066213B583F002B3666 /* Release */,
			);
			defaultConfigurationIsVisible = 0;
			defaultConfigurationName = Release;
		};
/* End XCConfigurationList section */
	};
	rootObject = FF41604A213B5835002B3666 /* Project object */;
}
